
Microsoft Visual Studio Solution File, Format Version 12.00
Project("{FAE04EC0-301F-11D3-BF4B-00C04F79EFBC}") = "hw_cSH_14", "hw_cSH_14\hw_cSH_14.csproj", "{EE8BB1A3-1733-42DC-BAA4-1F1B6121880E}"
EndProject
Global
	GlobalSection(SolutionConfigurationPlatforms) = preSolution
		Debug|Any CPU = Debug|Any CPU
		Release|Any CPU = Release|Any CPU
	EndGlobalSection
	GlobalSection(ProjectConfigurationPlatforms) = postSolution
		{EE8BB1A3-1733-42DC-BAA4-1F1B6121880E}.Debug|Any CPU.ActiveCfg = Debug|Any CPU
		{EE8BB1A3-1733-42DC-BAA4-1F1B6121880E}.Debug|Any CPU.Build.0 = Debug|Any CPU
		{EE8BB1A3-1733-42DC-BAA4-1F1B6121880E}.Release|Any CPU.ActiveCfg = Release|Any CPU
		{EE8BB1A3-1733-42DC-BAA4-1F1B6121880E}.Release|Any CPU.Build.0 = Release|Any CPU
	EndGlobalSection
EndGlobal
